
Microsoft Visual Studio Solution File, Format Version 12.00
# Visual Studio 2012
Project("{FAE04EC0-301F-11D3-BF4B-00C04F79EFBC}") = "FSSupport", "FSSupport\FSSupport.csproj", "{3AEBBE41-4C34-4670-9B3C-05D2414E3DAD}"
EndProject
Project("{FAE04EC0-301F-11D3-BF4B-00C04F79EFBC}") = "CommonLib", "CommonLib\CommonLib.csproj", "{81ABF1A0-8404-4826-8F0C-127DCD525D3F}"
EndProject
Global
	GlobalSection(SolutionConfigurationPlatforms) = preSolution
		Debug|Any CPU = Debug|Any CPU
		Release|Any CPU = Release|Any CPU
	EndGlobalSection
	GlobalSection(ProjectConfigurationPlatforms) = postSolution
		{3AEBBE41-4C34-4670-9B3C-05D2414E3DAD}.Debug|Any CPU.ActiveCfg = Debug|Any CPU
		{3AEBBE41-4C34-4670-9B3C-05D2414E3DAD}.Debug|Any CPU.Build.0 = Debug|Any CPU
		{3AEBBE41-4C34-4670-9B3C-05D2414E3DAD}.Release|Any CPU.ActiveCfg = Release|Any CPU
		{3AEBBE41-4C34-4670-9B3C-05D2414E3DAD}.Release|Any CPU.Build.0 = Release|Any CPU
		{81ABF1A0-8404-4826-8F0C-127DCD525D3F}.Debug|Any CPU.ActiveCfg = Debug|Any CPU
		{81ABF1A0-8404-4826-8F0C-127DCD525D3F}.Debug|Any CPU.Build.0 = Debug|Any CPU
		{81ABF1A0-8404-4826-8F0C-127DCD525D3F}.Release|Any CPU.ActiveCfg = Release|Any CPU
		{81ABF1A0-8404-4826-8F0C-127DCD525D3F}.Release|Any CPU.Build.0 = Release|Any CPU
	EndGlobalSection
	GlobalSection(SolutionProperties) = preSolution
		HideSolutionNode = FALSE
	EndGlobalSection
EndGlobal
